
Microsoft Visual Studio Solution File, Format Version 11.00
# Visual Studio 2010
Project("{FAE04EC0-301F-11D3-BF4B-00C04F79EFBC}") = "uLoader", "uLoader\uLoader.csproj", "{33C90FD1-85FE-41F0-84AD-712E89AD8F2D}"
EndProject
Project("{FAE04EC0-301F-11D3-BF4B-00C04F79EFBC}") = "HClassLibrary", "..\HClassLibrary\HClassLibrary.csproj", "{A4F24CAA-ACAA-4923-AA4F-CEF6CBA46291}"
EndProject
Project("{FAE04EC0-301F-11D3-BF4B-00C04F79EFBC}") = "biysktmora", "biysktmora\biysktmora.csproj", "{2086F646-4759-41EA-A9E3-76662D95127D}"
EndProject
Global
	GlobalSection(SolutionConfigurationPlatforms) = preSolution
		Debug|Any CPU = Debug|Any CPU
		Debug|Mixed Platforms = Debug|Mixed Platforms
		Debug|x86 = Debug|x86
		Release|Any CPU = Release|Any CPU
		Release|Mixed Platforms = Release|Mixed Platforms
		Release|x86 = Release|x86
	EndGlobalSection
	GlobalSection(ProjectConfigurationPlatforms) = postSolution
		{33C90FD1-85FE-41F0-84AD-712E89AD8F2D}.Debug|Any CPU.ActiveCfg = Debug|x86
		{33C90FD1-85FE-41F0-84AD-712E89AD8F2D}.Debug|Mixed Platforms.ActiveCfg = Debug|x86
		{33C90FD1-85FE-41F0-84AD-712E89AD8F2D}.Debug|Mixed Platforms.Build.0 = Debug|x86
		{33C90FD1-85FE-41F0-84AD-712E89AD8F2D}.Debug|x86.ActiveCfg = Debug|x86
		{33C90FD1-85FE-41F0-84AD-712E89AD8F2D}.Debug|x86.Build.0 = Debug|x86
		{33C90FD1-85FE-41F0-84AD-712E89AD8F2D}.Release|Any CPU.ActiveCfg = Release|x86
		{33C90FD1-85FE-41F0-84AD-712E89AD8F2D}.Release|Mixed Platforms.ActiveCfg = Release|x86
		{33C90FD1-85FE-41F0-84AD-712E89AD8F2D}.Release|Mixed Platforms.Build.0 = Release|x86
		{33C90FD1-85FE-41F0-84AD-712E89AD8F2D}.Release|x86.ActiveCfg = Release|x86
		{33C90FD1-85FE-41F0-84AD-712E89AD8F2D}.Release|x86.Build.0 = Release|x86
		{A4F24CAA-ACAA-4923-AA4F-CEF6CBA46291}.Debug|Any CPU.ActiveCfg = Debug|Any CPU
		{A4F24CAA-ACAA-4923-AA4F-CEF6CBA46291}.Debug|Any CPU.Build.0 = Debug|Any CPU
		{A4F24CAA-ACAA-4923-AA4F-CEF6CBA46291}.Debug|Mixed Platforms.ActiveCfg = Debug|Any CPU
		{A4F24CAA-ACAA-4923-AA4F-CEF6CBA46291}.Debug|Mixed Platforms.Build.0 = Debug|Any CPU
		{A4F24CAA-ACAA-4923-AA4F-CEF6CBA46291}.Debug|x86.ActiveCfg = Debug|Any CPU
		{A4F24CAA-ACAA-4923-AA4F-CEF6CBA46291}.Release|Any CPU.ActiveCfg = Release|Any CPU
		{A4F24CAA-ACAA-4923-AA4F-CEF6CBA46291}.Release|Any CPU.Build.0 = Release|Any CPU
		{A4F24CAA-ACAA-4923-AA4F-CEF6CBA46291}.Release|Mixed Platforms.ActiveCfg = Release|Any CPU
		{A4F24CAA-ACAA-4923-AA4F-CEF6CBA46291}.Release|Mixed Platforms.Build.0 = Release|Any CPU
		{A4F24CAA-ACAA-4923-AA4F-CEF6CBA46291}.Release|x86.ActiveCfg = Release|Any CPU
		{2086F646-4759-41EA-A9E3-76662D95127D}.Debug|Any CPU.ActiveCfg = Debug|x86
		{2086F646-4759-41EA-A9E3-76662D95127D}.Debug|Mixed Platforms.ActiveCfg = Debug|x86
		{2086F646-4759-41EA-A9E3-76662D95127D}.Debug|Mixed Platforms.Build.0 = Debug|x86
		{2086F646-4759-41EA-A9E3-76662D95127D}.Debug|x86.ActiveCfg = Debug|x86
		{2086F646-4759-41EA-A9E3-76662D95127D}.Debug|x86.Build.0 = Debug|x86
		{2086F646-4759-41EA-A9E3-76662D95127D}.Release|Any CPU.ActiveCfg = Release|x86
		{2086F646-4759-41EA-A9E3-76662D95127D}.Release|Mixed Platforms.ActiveCfg = Release|x86
		{2086F646-4759-41EA-A9E3-76662D95127D}.Release|Mixed Platforms.Build.0 = Release|x86
		{2086F646-4759-41EA-A9E3-76662D95127D}.Release|x86.ActiveCfg = Release|x86
		{2086F646-4759-41EA-A9E3-76662D95127D}.Release|x86.Build.0 = Release|x86
	EndGlobalSection
	GlobalSection(SolutionProperties) = preSolution
		HideSolutionNode = FALSE
	EndGlobalSection
EndGlobal
