Microsoft Visual Studio Solution File, Format Version 12.00
# Visual Studio Express 2012 for Windows Desktop
Project("{2150E333-8FDC-42A3-9474-1A3956D46DE8}") = "Solution Items", "Solution Items", "{90F49DC6-DE10-44E5-A9C5-BFAA7BC34C53}"
	ProjectSection(SolutionItems) = preProject
		Local.testsettings = Local.testsettings
		TraceAndTestImpact.testsettings = TraceAndTestImpact.testsettings
		uLoader.vsmdi = uLoader.vsmdi
	EndProjectSection
EndProject
Project("{FAE04EC0-301F-11D3-BF4B-00C04F79EFBC}") = "uLoader", "uLoader\uLoader.csproj", "{33C90FD1-85FE-41F0-84AD-712E89AD8F2D}"
EndProject
Project("{FAE04EC0-301F-11D3-BF4B-00C04F79EFBC}") = "HClassLibrary", "..\HClassLibrary\HClassLibrary.csproj", "{A4F24CAA-ACAA-4923-AA4F-CEF6CBA46291}"
EndProject
Project("{FAE04EC0-301F-11D3-BF4B-00C04F79EFBC}") = "TestProject_001", "TestProject_001\TestProject_001.csproj", "{C58DCFB6-6E0C-4743-9135-655B0DDF8E10}"
EndProject
Project("{FAE04EC0-301F-11D3-BF4B-00C04F79EFBC}") = "TestFunc", "TestFunc\TestFunc.csproj", "{FE9308E2-810E-4921-8F1A-55ED8CC9D460}"
EndProject
Project("{FAE04EC0-301F-11D3-BF4B-00C04F79EFBC}") = "uLoaderCommon", "uLoaderCommon\uLoaderCommon.csproj", "{4869D4EB-4F7A-4311-B105-D3E09BB7290A}"
EndProject
Project("{FAE04EC0-301F-11D3-BF4B-00C04F79EFBC}") = "DestLastValuesql", "DestLastValuesql\DestLastValuesql.csproj", "{04FC54F4-F3B3-4BE7-9D80-0C5F886F2167}"
EndProject
Project("{FAE04EC0-301F-11D3-BF4B-00C04F79EFBC}") = "SrcBiysk", "SrcBiysk\SrcBiysk.csproj", "{EE2093CA-AFE0-4513-8542-B56F3D418EF9}"
EndProject
Project("{FAE04EC0-301F-11D3-BF4B-00C04F79EFBC}") = "SrcKTS", "SrcKTS\SrcKTS.csproj", "{75C045E1-E18E-484E-A3A5-2291007A950C}"
EndProject
Project("{FAE04EC0-301F-11D3-BF4B-00C04F79EFBC}") = "SrcMST", "SrcMST\SrcMST.csproj", "{0CFB2E91-E5F2-4B31-B677-934E946762E9}"
EndProject
Project("{FAE04EC0-301F-11D3-BF4B-00C04F79EFBC}") = "DestTEP32", "DestTEP32\DestTEP32.csproj", "{4DDEC172-3900-47BF-B92D-4CF940346533}"
EndProject
Project("{FAE04EC0-301F-11D3-BF4B-00C04F79EFBC}") = "DestStat", "DestStat\DestStat.csproj", "{3EC0312F-00FE-46E4-8A13-73AD72522377}"
EndProject
Global
	GlobalSection(TestCaseManagementSettings) = postSolution
		CategoryFile = uLoader.vsmdi
	EndGlobalSection
	GlobalSection(SolutionConfigurationPlatforms) = preSolution
		Debug|Any CPU = Debug|Any CPU
		Debug|Mixed Platforms = Debug|Mixed Platforms
		Debug|x64 = Debug|x64
		Debug|x86 = Debug|x86
		Release|Any CPU = Release|Any CPU
		Release|Mixed Platforms = Release|Mixed Platforms
		Release|x64 = Release|x64
		Release|x86 = Release|x86
	EndGlobalSection
	GlobalSection(ProjectConfigurationPlatforms) = postSolution
		{33C90FD1-85FE-41F0-84AD-712E89AD8F2D}.Debug|Any CPU.ActiveCfg = Debug|x86
		{33C90FD1-85FE-41F0-84AD-712E89AD8F2D}.Debug|Any CPU.Build.0 = Debug|x86
		{33C90FD1-85FE-41F0-84AD-712E89AD8F2D}.Debug|Mixed Platforms.ActiveCfg = Debug|x86
		{33C90FD1-85FE-41F0-84AD-712E89AD8F2D}.Debug|Mixed Platforms.Build.0 = Debug|x86
		{33C90FD1-85FE-41F0-84AD-712E89AD8F2D}.Debug|x64.ActiveCfg = Debug|x64
		{33C90FD1-85FE-41F0-84AD-712E89AD8F2D}.Debug|x64.Build.0 = Debug|x64
		{33C90FD1-85FE-41F0-84AD-712E89AD8F2D}.Debug|x86.ActiveCfg = Debug|x86
		{33C90FD1-85FE-41F0-84AD-712E89AD8F2D}.Debug|x86.Build.0 = Debug|x86
		{33C90FD1-85FE-41F0-84AD-712E89AD8F2D}.Release|Any CPU.ActiveCfg = Release|x86
		{33C90FD1-85FE-41F0-84AD-712E89AD8F2D}.Release|Mixed Platforms.ActiveCfg = Release|x86
		{33C90FD1-85FE-41F0-84AD-712E89AD8F2D}.Release|Mixed Platforms.Build.0 = Release|x86
		{33C90FD1-85FE-41F0-84AD-712E89AD8F2D}.Release|x64.ActiveCfg = Release|x64
		{33C90FD1-85FE-41F0-84AD-712E89AD8F2D}.Release|x64.Build.0 = Release|x64
		{33C90FD1-85FE-41F0-84AD-712E89AD8F2D}.Release|x86.ActiveCfg = Release|x86
		{33C90FD1-85FE-41F0-84AD-712E89AD8F2D}.Release|x86.Build.0 = Release|x86
		{A4F24CAA-ACAA-4923-AA4F-CEF6CBA46291}.Debug|Any CPU.ActiveCfg = Debug|x86
		{A4F24CAA-ACAA-4923-AA4F-CEF6CBA46291}.Debug|Any CPU.Build.0 = Debug|x86
		{A4F24CAA-ACAA-4923-AA4F-CEF6CBA46291}.Debug|Mixed Platforms.ActiveCfg = Debug|Any CPU
		{A4F24CAA-ACAA-4923-AA4F-CEF6CBA46291}.Debug|Mixed Platforms.Build.0 = Debug|Any CPU
		{A4F24CAA-ACAA-4923-AA4F-CEF6CBA46291}.Debug|x64.ActiveCfg = Debug|x64
		{A4F24CAA-ACAA-4923-AA4F-CEF6CBA46291}.Debug|x64.Build.0 = Debug|x64
		{A4F24CAA-ACAA-4923-AA4F-CEF6CBA46291}.Debug|x86.ActiveCfg = Debug|x86
		{A4F24CAA-ACAA-4923-AA4F-CEF6CBA46291}.Debug|x86.Build.0 = Debug|x86
		{A4F24CAA-ACAA-4923-AA4F-CEF6CBA46291}.Release|Any CPU.ActiveCfg = Release|Any CPU
		{A4F24CAA-ACAA-4923-AA4F-CEF6CBA46291}.Release|Any CPU.Build.0 = Release|Any CPU
		{A4F24CAA-ACAA-4923-AA4F-CEF6CBA46291}.Release|Mixed Platforms.ActiveCfg = Release|Any CPU
		{A4F24CAA-ACAA-4923-AA4F-CEF6CBA46291}.Release|Mixed Platforms.Build.0 = Release|Any CPU
		{A4F24CAA-ACAA-4923-AA4F-CEF6CBA46291}.Release|x64.ActiveCfg = Release|x64
		{A4F24CAA-ACAA-4923-AA4F-CEF6CBA46291}.Release|x64.Build.0 = Release|x64
		{A4F24CAA-ACAA-4923-AA4F-CEF6CBA46291}.Release|x86.ActiveCfg = Release|Any CPU
		{C58DCFB6-6E0C-4743-9135-655B0DDF8E10}.Debug|Any CPU.ActiveCfg = Debug|x86
		{C58DCFB6-6E0C-4743-9135-655B0DDF8E10}.Debug|Mixed Platforms.ActiveCfg = Debug|Any CPU
		{C58DCFB6-6E0C-4743-9135-655B0DDF8E10}.Debug|x64.ActiveCfg = Debug|Any CPU
		{C58DCFB6-6E0C-4743-9135-655B0DDF8E10}.Debug|x86.ActiveCfg = Debug|x86
		{C58DCFB6-6E0C-4743-9135-655B0DDF8E10}.Release|Any CPU.ActiveCfg = Release|Any CPU
		{C58DCFB6-6E0C-4743-9135-655B0DDF8E10}.Release|Any CPU.Build.0 = Release|Any CPU
		{C58DCFB6-6E0C-4743-9135-655B0DDF8E10}.Release|Mixed Platforms.ActiveCfg = Release|Any CPU
		{C58DCFB6-6E0C-4743-9135-655B0DDF8E10}.Release|Mixed Platforms.Build.0 = Release|Any CPU
		{C58DCFB6-6E0C-4743-9135-655B0DDF8E10}.Release|x64.ActiveCfg = Release|Any CPU
		{C58DCFB6-6E0C-4743-9135-655B0DDF8E10}.Release|x86.ActiveCfg = Release|Any CPU
		{FE9308E2-810E-4921-8F1A-55ED8CC9D460}.Debug|Any CPU.ActiveCfg = Debug|x86
		{FE9308E2-810E-4921-8F1A-55ED8CC9D460}.Debug|Mixed Platforms.ActiveCfg = Debug|x86
		{FE9308E2-810E-4921-8F1A-55ED8CC9D460}.Debug|Mixed Platforms.Build.0 = Debug|x86
		{FE9308E2-810E-4921-8F1A-55ED8CC9D460}.Debug|x64.ActiveCfg = Debug|x64
		{FE9308E2-810E-4921-8F1A-55ED8CC9D460}.Debug|x64.Build.0 = Debug|x64
		{FE9308E2-810E-4921-8F1A-55ED8CC9D460}.Debug|x86.ActiveCfg = Debug|x86
		{FE9308E2-810E-4921-8F1A-55ED8CC9D460}.Release|Any CPU.ActiveCfg = Release|x86
		{FE9308E2-810E-4921-8F1A-55ED8CC9D460}.Release|Mixed Platforms.ActiveCfg = Release|x86
		{FE9308E2-810E-4921-8F1A-55ED8CC9D460}.Release|Mixed Platforms.Build.0 = Release|x86
		{FE9308E2-810E-4921-8F1A-55ED8CC9D460}.Release|x64.ActiveCfg = Release|x64
		{FE9308E2-810E-4921-8F1A-55ED8CC9D460}.Release|x64.Build.0 = Release|x64
		{FE9308E2-810E-4921-8F1A-55ED8CC9D460}.Release|x86.ActiveCfg = Release|x86
		{FE9308E2-810E-4921-8F1A-55ED8CC9D460}.Release|x86.Build.0 = Release|x86
		{4869D4EB-4F7A-4311-B105-D3E09BB7290A}.Debug|Any CPU.ActiveCfg = Debug|x86
		{4869D4EB-4F7A-4311-B105-D3E09BB7290A}.Debug|Any CPU.Build.0 = Debug|x86
		{4869D4EB-4F7A-4311-B105-D3E09BB7290A}.Debug|Mixed Platforms.ActiveCfg = Debug|Any CPU
		{4869D4EB-4F7A-4311-B105-D3E09BB7290A}.Debug|Mixed Platforms.Build.0 = Debug|Any CPU
		{4869D4EB-4F7A-4311-B105-D3E09BB7290A}.Debug|x64.ActiveCfg = Debug|x64
		{4869D4EB-4F7A-4311-B105-D3E09BB7290A}.Debug|x64.Build.0 = Debug|x64
		{4869D4EB-4F7A-4311-B105-D3E09BB7290A}.Debug|x86.ActiveCfg = Debug|x86
		{4869D4EB-4F7A-4311-B105-D3E09BB7290A}.Debug|x86.Build.0 = Debug|x86
		{4869D4EB-4F7A-4311-B105-D3E09BB7290A}.Release|Any CPU.ActiveCfg = Release|Any CPU
		{4869D4EB-4F7A-4311-B105-D3E09BB7290A}.Release|Any CPU.Build.0 = Release|Any CPU
		{4869D4EB-4F7A-4311-B105-D3E09BB7290A}.Release|Mixed Platforms.ActiveCfg = Release|Any CPU
		{4869D4EB-4F7A-4311-B105-D3E09BB7290A}.Release|Mixed Platforms.Build.0 = Release|Any CPU
		{4869D4EB-4F7A-4311-B105-D3E09BB7290A}.Release|x64.ActiveCfg = Release|x64
		{4869D4EB-4F7A-4311-B105-D3E09BB7290A}.Release|x64.Build.0 = Release|x64
		{4869D4EB-4F7A-4311-B105-D3E09BB7290A}.Release|x86.ActiveCfg = Release|Any CPU
		{04FC54F4-F3B3-4BE7-9D80-0C5F886F2167}.Debug|Any CPU.ActiveCfg = Debug|Any CPU
		{04FC54F4-F3B3-4BE7-9D80-0C5F886F2167}.Debug|Any CPU.Build.0 = Debug|Any CPU
		{04FC54F4-F3B3-4BE7-9D80-0C5F886F2167}.Debug|Mixed Platforms.ActiveCfg = Debug|x86
		{04FC54F4-F3B3-4BE7-9D80-0C5F886F2167}.Debug|Mixed Platforms.Build.0 = Debug|x86
		{04FC54F4-F3B3-4BE7-9D80-0C5F886F2167}.Debug|x64.ActiveCfg = Debug|x64
		{04FC54F4-F3B3-4BE7-9D80-0C5F886F2167}.Debug|x64.Build.0 = Debug|x64
		{04FC54F4-F3B3-4BE7-9D80-0C5F886F2167}.Debug|x86.ActiveCfg = Debug|x86
		{04FC54F4-F3B3-4BE7-9D80-0C5F886F2167}.Debug|x86.Build.0 = Debug|x86
		{04FC54F4-F3B3-4BE7-9D80-0C5F886F2167}.Release|Any CPU.ActiveCfg = Release|Any CPU
		{04FC54F4-F3B3-4BE7-9D80-0C5F886F2167}.Release|Any CPU.Build.0 = Release|Any CPU
		{04FC54F4-F3B3-4BE7-9D80-0C5F886F2167}.Release|Mixed Platforms.ActiveCfg = Release|x86
		{04FC54F4-F3B3-4BE7-9D80-0C5F886F2167}.Release|Mixed Platforms.Build.0 = Release|x86
		{04FC54F4-F3B3-4BE7-9D80-0C5F886F2167}.Release|x64.ActiveCfg = Release|x64
		{04FC54F4-F3B3-4BE7-9D80-0C5F886F2167}.Release|x64.Build.0 = Release|x64
		{04FC54F4-F3B3-4BE7-9D80-0C5F886F2167}.Release|x86.ActiveCfg = Release|x86
		{04FC54F4-F3B3-4BE7-9D80-0C5F886F2167}.Release|x86.Build.0 = Release|x86
		{EE2093CA-AFE0-4513-8542-B56F3D418EF9}.Debug|Any CPU.ActiveCfg = Debug|Any CPU
		{EE2093CA-AFE0-4513-8542-B56F3D418EF9}.Debug|Any CPU.Build.0 = Debug|Any CPU
		{EE2093CA-AFE0-4513-8542-B56F3D418EF9}.Debug|Mixed Platforms.ActiveCfg = Debug|x86
		{EE2093CA-AFE0-4513-8542-B56F3D418EF9}.Debug|Mixed Platforms.Build.0 = Debug|x86
		{EE2093CA-AFE0-4513-8542-B56F3D418EF9}.Debug|x64.ActiveCfg = Debug|x64
		{EE2093CA-AFE0-4513-8542-B56F3D418EF9}.Debug|x64.Build.0 = Debug|x64
		{EE2093CA-AFE0-4513-8542-B56F3D418EF9}.Debug|x86.ActiveCfg = Debug|x86
		{EE2093CA-AFE0-4513-8542-B56F3D418EF9}.Debug|x86.Build.0 = Debug|x86
		{EE2093CA-AFE0-4513-8542-B56F3D418EF9}.Release|Any CPU.ActiveCfg = Release|Any CPU
		{EE2093CA-AFE0-4513-8542-B56F3D418EF9}.Release|Any CPU.Build.0 = Release|Any CPU
		{EE2093CA-AFE0-4513-8542-B56F3D418EF9}.Release|Mixed Platforms.ActiveCfg = Release|x86
		{EE2093CA-AFE0-4513-8542-B56F3D418EF9}.Release|Mixed Platforms.Build.0 = Release|x86
		{EE2093CA-AFE0-4513-8542-B56F3D418EF9}.Release|x64.ActiveCfg = Release|x64
		{EE2093CA-AFE0-4513-8542-B56F3D418EF9}.Release|x64.Build.0 = Release|x64
		{EE2093CA-AFE0-4513-8542-B56F3D418EF9}.Release|x86.ActiveCfg = Release|x86
		{EE2093CA-AFE0-4513-8542-B56F3D418EF9}.Release|x86.Build.0 = Release|x86
		{75C045E1-E18E-484E-A3A5-2291007A950C}.Debug|Any CPU.ActiveCfg = Debug|Any CPU
		{75C045E1-E18E-484E-A3A5-2291007A950C}.Debug|Any CPU.Build.0 = Debug|Any CPU
		{75C045E1-E18E-484E-A3A5-2291007A950C}.Debug|Mixed Platforms.ActiveCfg = Debug|x86
		{75C045E1-E18E-484E-A3A5-2291007A950C}.Debug|Mixed Platforms.Build.0 = Debug|x86
		{75C045E1-E18E-484E-A3A5-2291007A950C}.Debug|x64.ActiveCfg = Debug|x64
		{75C045E1-E18E-484E-A3A5-2291007A950C}.Debug|x64.Build.0 = Debug|x64
		{75C045E1-E18E-484E-A3A5-2291007A950C}.Debug|x86.ActiveCfg = Debug|x86
		{75C045E1-E18E-484E-A3A5-2291007A950C}.Debug|x86.Build.0 = Debug|x86
		{75C045E1-E18E-484E-A3A5-2291007A950C}.Release|Any CPU.ActiveCfg = Release|Any CPU
		{75C045E1-E18E-484E-A3A5-2291007A950C}.Release|Any CPU.Build.0 = Release|Any CPU
		{75C045E1-E18E-484E-A3A5-2291007A950C}.Release|Mixed Platforms.ActiveCfg = Release|x86
		{75C045E1-E18E-484E-A3A5-2291007A950C}.Release|Mixed Platforms.Build.0 = Release|x86
		{75C045E1-E18E-484E-A3A5-2291007A950C}.Release|x64.ActiveCfg = Release|x64
		{75C045E1-E18E-484E-A3A5-2291007A950C}.Release|x64.Build.0 = Release|x64
		{75C045E1-E18E-484E-A3A5-2291007A950C}.Release|x86.ActiveCfg = Release|x86
		{75C045E1-E18E-484E-A3A5-2291007A950C}.Release|x86.Build.0 = Release|x86
		{0CFB2E91-E5F2-4B31-B677-934E946762E9}.Debug|Any CPU.ActiveCfg = Debug|Any CPU
		{0CFB2E91-E5F2-4B31-B677-934E946762E9}.Debug|Any CPU.Build.0 = Debug|Any CPU
		{0CFB2E91-E5F2-4B31-B677-934E946762E9}.Debug|Mixed Platforms.ActiveCfg = Debug|x86
		{0CFB2E91-E5F2-4B31-B677-934E946762E9}.Debug|Mixed Platforms.Build.0 = Debug|x86
		{0CFB2E91-E5F2-4B31-B677-934E946762E9}.Debug|x64.ActiveCfg = Debug|x64
		{0CFB2E91-E5F2-4B31-B677-934E946762E9}.Debug|x64.Build.0 = Debug|x64
		{0CFB2E91-E5F2-4B31-B677-934E946762E9}.Debug|x86.ActiveCfg = Debug|x86
		{0CFB2E91-E5F2-4B31-B677-934E946762E9}.Debug|x86.Build.0 = Debug|x86
		{0CFB2E91-E5F2-4B31-B677-934E946762E9}.Release|Any CPU.ActiveCfg = Release|Any CPU
		{0CFB2E91-E5F2-4B31-B677-934E946762E9}.Release|Any CPU.Build.0 = Release|Any CPU
		{0CFB2E91-E5F2-4B31-B677-934E946762E9}.Release|Mixed Platforms.ActiveCfg = Release|x86
		{0CFB2E91-E5F2-4B31-B677-934E946762E9}.Release|Mixed Platforms.Build.0 = Release|x86
		{0CFB2E91-E5F2-4B31-B677-934E946762E9}.Release|x64.ActiveCfg = Release|x64
		{0CFB2E91-E5F2-4B31-B677-934E946762E9}.Release|x64.Build.0 = Release|x64
		{0CFB2E91-E5F2-4B31-B677-934E946762E9}.Release|x86.ActiveCfg = Release|x86
		{0CFB2E91-E5F2-4B31-B677-934E946762E9}.Release|x86.Build.0 = Release|x86
		{4DDEC172-3900-47BF-B92D-4CF940346533}.Debug|Any CPU.ActiveCfg = Debug|Any CPU
		{4DDEC172-3900-47BF-B92D-4CF940346533}.Debug|Any CPU.Build.0 = Debug|Any CPU
		{4DDEC172-3900-47BF-B92D-4CF940346533}.Debug|Mixed Platforms.ActiveCfg = Debug|x86
		{4DDEC172-3900-47BF-B92D-4CF940346533}.Debug|Mixed Platforms.Build.0 = Debug|x86
		{4DDEC172-3900-47BF-B92D-4CF940346533}.Debug|x64.ActiveCfg = Debug|x64
		{4DDEC172-3900-47BF-B92D-4CF940346533}.Debug|x64.Build.0 = Debug|x64
		{4DDEC172-3900-47BF-B92D-4CF940346533}.Debug|x86.ActiveCfg = Debug|x86
		{4DDEC172-3900-47BF-B92D-4CF940346533}.Debug|x86.Build.0 = Debug|x86
		{4DDEC172-3900-47BF-B92D-4CF940346533}.Release|Any CPU.ActiveCfg = Release|Any CPU
		{4DDEC172-3900-47BF-B92D-4CF940346533}.Release|Any CPU.Build.0 = Release|Any CPU
		{4DDEC172-3900-47BF-B92D-4CF940346533}.Release|Mixed Platforms.ActiveCfg = Release|x86
		{4DDEC172-3900-47BF-B92D-4CF940346533}.Release|Mixed Platforms.Build.0 = Release|x86
		{4DDEC172-3900-47BF-B92D-4CF940346533}.Release|x64.ActiveCfg = Release|x64
		{4DDEC172-3900-47BF-B92D-4CF940346533}.Release|x64.Build.0 = Release|x64
		{4DDEC172-3900-47BF-B92D-4CF940346533}.Release|x86.ActiveCfg = Release|x86
		{4DDEC172-3900-47BF-B92D-4CF940346533}.Release|x86.Build.0 = Release|x86
		{3EC0312F-00FE-46E4-8A13-73AD72522377}.Debug|Any CPU.ActiveCfg = Debug|Any CPU
		{3EC0312F-00FE-46E4-8A13-73AD72522377}.Debug|Any CPU.Build.0 = Debug|Any CPU
		{3EC0312F-00FE-46E4-8A13-73AD72522377}.Debug|Mixed Platforms.ActiveCfg = Debug|Any CPU
		{3EC0312F-00FE-46E4-8A13-73AD72522377}.Debug|Mixed Platforms.Build.0 = Debug|Any CPU
		{3EC0312F-00FE-46E4-8A13-73AD72522377}.Debug|x64.ActiveCfg = Debug|Any CPU
		{3EC0312F-00FE-46E4-8A13-73AD72522377}.Debug|x86.ActiveCfg = Debug|Any CPU
		{3EC0312F-00FE-46E4-8A13-73AD72522377}.Release|Any CPU.ActiveCfg = Release|Any CPU
		{3EC0312F-00FE-46E4-8A13-73AD72522377}.Release|Any CPU.Build.0 = Release|Any CPU
		{3EC0312F-00FE-46E4-8A13-73AD72522377}.Release|Mixed Platforms.ActiveCfg = Release|Any CPU
		{3EC0312F-00FE-46E4-8A13-73AD72522377}.Release|Mixed Platforms.Build.0 = Release|Any CPU
		{3EC0312F-00FE-46E4-8A13-73AD72522377}.Release|x64.ActiveCfg = Release|Any CPU
		{3EC0312F-00FE-46E4-8A13-73AD72522377}.Release|x86.ActiveCfg = Release|Any CPU
	EndGlobalSection
	GlobalSection(SolutionProperties) = preSolution
		HideSolutionNode = FALSE
	EndGlobalSection
EndGlobal
